// !$*UTF8*$!
{
	archiveVersion = 1;
	classes = {
	};
	objectVersion = 50;
	objects = {

/* Begin PBXBuildFile section */
		D534C4262333675B001DBEE3 /* AppDelegate.swift in Sources */ = {isa = PBXBuildFile; fileRef = D534C4252333675B001DBEE3 /* AppDelegate.swift */; };
		D534C4282333675B001DBEE3 /* SceneDelegate.swift in Sources */ = {isa = PBXBuildFile; fileRef = D534C4272333675B001DBEE3 /* SceneDelegate.swift */; };
		D534C42A2333675B001DBEE3 /* ContentView.swift in Sources */ = {isa = PBXBuildFile; fileRef = D534C4292333675B001DBEE3 /* ContentView.swift */; };
		D534C42C2333675B001DBEE3 /* Assets.xcassets in Resources */ = {isa = PBXBuildFile; fileRef = D534C42B2333675B001DBEE3 /* Assets.xcassets */; };
		D534C42F2333675B001DBEE3 /* Preview Assets.xcassets in Resources */ = {isa = PBXBuildFile; fileRef = D534C42E2333675B001DBEE3 /* Preview Assets.xcassets */; };
		D534C4322333675B001DBEE3 /* LaunchScreen.storyboard in Resources */ = {isa = PBXBuildFile; fileRef = D534C4302333675B001DBEE3 /* LaunchScreen.storyboard */; };
		D5F39190233A1D4500E1C07C /* AboutView.swift in Sources */ = {isa = PBXBuildFile; fileRef = D5F3918F233A1D4500E1C07C /* AboutView.swift */; };
/* End PBXBuildFile section */

/* Begin PBXFileReference section */
		D534C4222333675B001DBEE3 /* BullsEyeWithSwiftUI.app */ = {isa = PBXFileReference; explicitFileType = wrapper.application; includeInIndex = 0; path = BullsEyeWithSwiftUI.app; sourceTree = BUILT_PRODUCTS_DIR; };
		D534C4252333675B001DBEE3 /* AppDelegate.swift */ = {isa = PBXFileReference; lastKnownFileType = sourcecode.swift; path = AppDelegate.swift; sourceTree = "<group>"; };
		D534C4272333675B001DBEE3 /* SceneDelegate.swift */ = {isa = PBXFileReference; lastKnownFileType = sourcecode.swift; path = SceneDelegate.swift; sourceTree = "<group>"; };
		D534C4292333675B001DBEE3 /* ContentView.swift */ = {isa = PBXFileReference; lastKnownFileType = sourcecode.swift; path = ContentView.swift; sourceTree = "<group>"; };
		D534C42B2333675B001DBEE3 /* Assets.xcassets */ = {isa = PBXFileReference; lastKnownFileType = folder.assetcatalog; path = Assets.xcassets; sourceTree = "<group>"; };
		D534C42E2333675B001DBEE3 /* Preview Assets.xcassets */ = {isa = PBXFileReference; lastKnownFileType = folder.assetcatalog; path = "Preview Assets.xcassets"; sourceTree = "<group>"; };
		D534C4312333675B001DBEE3 /* Base */ = {isa = PBXFileReference; lastKnownFileType = file.storyboard; name = Base; path = Base.lproj/LaunchScreen.storyboard; sourceTree = "<group>"; };
		D534C4332333675B001DBEE3 /* Info.plist */ = {isa = PBXFileReference; lastKnownFileType = text.plist.xml; path = Info.plist; sourceTree = "<group>"; };
		D5F3918F233A1D4500E1C07C /* AboutView.swift */ = {isa = PBXFileReference; lastKnownFileType = sourcecode.swift; path = AboutView.swift; sourceTree = "<group>"; };
/* End PBXFileReference section */

/* Begin PBXFrameworksBuildPhase section */
		D534C41F2333675B001DBEE3 /* Frameworks */ = {
			isa = PBXFrameworksBuildPhase;
			buildActionMask = 2147483647;
			files = (
			);
			runOnlyForDeploymentPostprocessing = 0;
		};
/* End PBXFrameworksBuildPhase section */

/* Begin PBXGroup section */
		D534C4192333675B001DBEE3 = {
			isa = PBXGroup;
			children = (
				D534C4242333675B001DBEE3 /* BullsEyeWithSwiftUI */,
				D534C4232333675B001DBEE3 /* Products */,
			);
			sourceTree = "<group>";
		};
		D534C4232333675B001DBEE3 /* Products */ = {
			isa = PBXGroup;
			children = (
				D534C4222333675B001DBEE3 /* BullsEyeWithSwiftUI.app */,
			);
			name = Products;
			sourceTree = "<group>";
		};
		D534C4242333675B001DBEE3 /* BullsEyeWithSwiftUI */ = {
			isa = PBXGroup;
			children = (
				D534C4252333675B001DBEE3 /* AppDelegate.swift */,
				D534C4272333675B001DBEE3 /* SceneDelegate.swift */,
				D534C4292333675B001DBEE3 /* ContentView.swift */,
				D5F3918F233A1D4500E1C07C /* AboutView.swift */,
				D534C42B2333675B001DBEE3 /* Assets.xcassets */,
				D534C4302333675B001DBEE3 /* LaunchScreen.storyboard */,
				D534C4332333675B001DBEE3 /* Info.plist */,
				D534C42D2333675B001DBEE3 /* Preview Content */,
			);
			path = BullsEyeWithSwiftUI;
			sourceTree = "<group>";
		};
		D534C42D2333675B001DBEE3 /* Preview Content */ = {
			isa = PBXGroup;
			children = (
				D534C42E2333675B001DBEE3 /* Preview Assets.xcassets */,
			);
			path = "Preview Content";
			sourceTree = "<group>";
		};
/* End PBXGroup section */

/* Begin PBXNativeTarget section */
		D534C4212333675B001DBEE3 /* BullsEyeWithSwiftUI */ = {
			isa = PBXNativeTarget;
			buildConfigurationList = D534C4362333675B001DBEE3 /* Build configuration list for PBXNativeTarget "BullsEyeWithSwiftUI" */;
			buildPhases = (
				D534C41E2333675B001DBEE3 /* Sources */,
				D534C41F2333675B001DBEE3 /* Frameworks */,
				D534C4202333675B001DBEE3 /* Resources */,
			);
			buildRules = (
			);
			dependencies = (
			);
			name = BullsEyeWithSwiftUI;
			productName = BullsEyeWithSwiftUI;
			productReference = D534C4222333675B001DBEE3 /* BullsEyeWithSwiftUI.app */;
			productType = "com.apple.product-type.application";
		};
/* End PBXNativeTarget section */

/* Begin PBXProject section */
		D534C41A2333675B001DBEE3 /* Project object */ = {
			isa = PBXProject;
			attributes = {
				LastSwiftUpdateCheck = 1100;
				LastUpgradeCheck = 1100;
				ORGANIZATIONNAME = Lacie;
				TargetAttributes = {
					D534C4212333675B001DBEE3 = {
						CreatedOnToolsVersion = 11.0;
					};
				};
			};
			buildConfigurationList = D534C41D2333675B001DBEE3 /* Build configuration list for PBXProject "BullsEyeWithSwiftUI" */;
			compatibilityVersion = "Xcode 9.3";
			developmentRegion = en;
			hasScannedForEncodings = 0;
			knownRegions = (
				en,
				Base,
			);
			mainGroup = D534C4192333675B001DBEE3;
			productRefGroup = D534C4232333675B001DBEE3 /* Products */;
			projectDirPath = "";
			projectRoot = "";
			targets = (
				D534C4212333675B001DBEE3 /* BullsEyeWithSwiftUI */,
			);
		};
/* End PBXProject section */

/* Begin PBXResourcesBuildPhase section */
		D534C4202333675B001DBEE3 /* Resources */ = {
			isa = PBXResourcesBuildPhase;
			buildActionMask = 2147483647;
			files = (
				D534C4322333675B001DBEE3 /* LaunchScreen.storyboard in Resources */,
				D534C42F2333675B001DBEE3 /* Preview Assets.xcassets in Resources */,
				D534C42C2333675B001DBEE3 /* Assets.xcassets in Resources */,
			);
			runOnlyForDeploymentPostprocessing = 0;
		};
/* End PBXResourcesBuildPhase section */

/* Begin PBXSourcesBuildPhase section */
		D534C41E2333675B001DBEE3 /* Sources */ = {
			isa = PBXSourcesBuildPhase;
			buildActionMask = 2147483647;
			files = (
				D5F39190233A1D4500E1C07C /* AboutView.swift in Sources */,
				D534C4262333675B001DBEE3 /* AppDelegate.swift in Sources */,
				D534C4282333675B001DBEE3 /* SceneDelegate.swift in Sources */,
				D534C42A2333675B001DBEE3 /* ContentView.swift in Sources */,
			);
			runOnlyForDeploymentPostprocessing = 0;
		};
/* End PBXSourcesBuildPhase section */

/* Begin PBXVariantGroup section */
		D534C4302333675B001DBEE3 /* LaunchScreen.storyboard */ = {
			isa = PBXVariantGroup;
			children = (
				D534C4312333675B001DBEE3 /* Base */,
			);
			name = LaunchScreen.storyboard;
			sourceTree = "<group>";
		};
/* End PBXVariantGroup section */

/* Begin XCBuildConfiguration section */
		D534C4342333675B001DBEE3 /* Debug */ = {
			isa = XCBuildConfiguration;
			buildSettings = {
				ALWAYS_SEARCH_USER_PATHS = NO;
				CLANG_ANALYZER_NONNULL = YES;
				CLANG_ANALYZER_NUMBER_OBJECT_CONVERSION = YES_AGGRESSIVE;
				CLANG_CXX_LANGUAGE_STANDARD = "gnu++14";
				CLANG_CXX_LIBRARY = "libc++";
				CLANG_ENABLE_MODULES = YES;
				CLANG_ENABLE_OBJC_ARC = YES;
				CLANG_ENABLE_OBJC_WEAK = YES;
				CLANG_WARN_BLOCK_CAPTURE_AUTORELEASING = YES;
				CLANG_WARN_BOOL_CONVERSION = YES;
				CLANG_WARN_COMMA = YES;
				CLANG_WARN_CONSTANT_CONVERSION = YES;
				CLANG_WARN_DEPRECATED_OBJC_IMPLEMENTATIONS = YES;
				CLANG_WARN_DIRECT_OBJC_ISA_USAGE = YES_ERROR;
				CLANG_WARN_DOCUMENTATION_COMMENTS = YES;
				CLANG_WARN_EMPTY_BODY = YES;
				CLANG_WARN_ENUM_CONVERSION = YES;
				CLANG_WARN_INFINITE_RECURSION = YES;
				CLANG_WARN_INT_CONVERSION = YES;
				CLANG_WARN_NON_LITERAL_NULL_CONVERSION = YES;
				CLANG_WARN_OBJC_IMPLICIT_RETAIN_SELF = YES;
				CLANG_WARN_OBJC_LITERAL_CONVERSION = YES;
				CLANG_WARN_OBJC_ROOT_CLASS = YES_ERROR;
				CLANG_WARN_RANGE_LOOP_ANALYSIS = YES;
				CLANG_WARN_STRICT_PROTOTYPES = YES;
				CLANG_WARN_SUSPICIOUS_MOVE = YES;
				CLANG_WARN_UNGUARDED_AVAILABILITY = YES_AGGRESSIVE;
				CLANG_WARN_UNREACHABLE_CODE = YES;
				CLANG_WARN__DUPLICATE_METHOD_MATCH = YES;
				COPY_PHASE_STRIP = NO;
				DEBUG_INFORMATION_FORMAT = dwarf;
				ENABLE_STRICT_OBJC_MSGSEND = YES;
				ENABLE_TESTABILITY = YES;
				GCC_C_LANGUAGE_STANDARD = gnu11;
				GCC_DYNAMIC_NO_PIC = NO;
				GCC_NO_COMMON_BLOCKS = YES;
				GCC_OPTIMIZATION_LEVEL = 0;
				GCC_PREPROCESSOR_DEFINITIONS = (
					"DEBUG=1",
					"$(inherited)",
				);
				GCC_WARN_64_TO_32_BIT_CONVERSION = YES;
				GCC_WARN_ABOUT_RETURN_TYPE = YES_ERROR;
				GCC_WARN_UNDECLARED_SELECTOR = YES;
				GCC_WARN_UNINITIALIZED_AUTOS = YES_AGGRESSIVE;
				GCC_WARN_UNUSED_FUNCTION = YES;
				GCC_WARN_UNUSED_VARIABLE = YES;
				IPHONEOS_DEPLOYMENT_TARGET = 13.0;
				MTL_ENABLE_DEBUG_INFO = INCLUDE_SOURCE;
				MTL_FAST_MATH = YES;
				ONLY_ACTIVE_ARCH = YES;
				SDKROOT = iphoneos;
				SWIFT_ACTIVE_COMPILATION_CONDITIONS = DEBUG;
				SWIFT_OPTIMIZATION_LEVEL = "-Onone";
			};
			name = Debug;
		};
		D534C4352333675B001DBEE3 /* Release */ = {
			isa = XCBuildConfiguration;
			buildSettings = {
				ALWAYS_SEARCH_USER_PATHS = NO;
				CLANG_ANALYZER_NONNULL = YES;
				CLANG_ANALYZER_NUMBER_OBJECT_CONVERSION = YES_AGGRESSIVE;
				CLANG_CXX_LANGUAGE_STANDARD = "gnu++14";
				CLANG_CXX_LIBRARY = "libc++";
				CLANG_ENABLE_MODULES = YES;
				CLANG_ENABLE_OBJC_ARC = YES;
				CLANG_ENABLE_OBJC_WEAK = YES;
				CLANG_WARN_BLOCK_CAPTURE_AUTORELEASING = YES;
				CLANG_WARN_BOOL_CONVERSION = YES;
				CLANG_WARN_COMMA = YES;
				CLANG_WARN_CONSTANT_CONVERSION = YES;
				CLANG_WARN_DEPRECATED_OBJC_IMPLEMENTATIONS = YES;
				CLANG_WARN_DIRECT_OBJC_ISA_USAGE = YES_ERROR;
				CLANG_WARN_DOCUMENTATION_COMMENTS = YES;
				CLANG_WARN_EMPTY_BODY = YES;
				CLANG_WARN_ENUM_CONVERSION = YES;
				CLANG_WARN_INFINITE_RECURSION = YES;
				CLANG_WARN_INT_CONVERSION = YES;
				CLANG_WARN_NON_LITERAL_NULL_CONVERSION = YES;
				CLANG_WARN_OBJC_IMPLICIT_RETAIN_SELF = YES;
				CLANG_WARN_OBJC_LITERAL_CONVERSION = YES;
				CLANG_WARN_OBJC_ROOT_CLASS = YES_ERROR;
				CLANG_WARN_RANGE_LOOP_ANALYSIS = YES;
				CLANG_WARN_STRICT_PROTOTYPES = YES;
				CLANG_WARN_SUSPICIOUS_MOVE = YES;
				CLANG_WARN_UNGUARDED_AVAILABILITY = YES_AGGRESSIVE;
				CLANG_WARN_UNREACHABLE_CODE = YES;
				CLANG_WARN__DUPLICATE_METHOD_MATCH = YES;
				COPY_PHASE_STRIP = NO;
				DEBUG_INFORMATION_FORMAT = "dwarf-with-dsym";
				ENABLE_NS_ASSERTIONS = NO;
				ENABLE_STRICT_OBJC_MSGSEND = YES;
				GCC_C_LANGUAGE_STANDARD = gnu11;
				GCC_NO_COMMON_BLOCKS = YES;
				GCC_WARN_64_TO_32_BIT_CONVERSION = YES;
				GCC_WARN_ABOUT_RETURN_TYPE = YES_ERROR;
				GCC_WARN_UNDECLARED_SELECTOR = YES;
				GCC_WARN_UNINITIALIZED_AUTOS = YES_AGGRESSIVE;
				GCC_WARN_UNUSED_FUNCTION = YES;
				GCC_WARN_UNUSED_VARIABLE = YES;
				IPHONEOS_DEPLOYMENT_TARGET = 13.0;
				MTL_ENABLE_DEBUG_INFO = NO;
				MTL_FAST_MATH = YES;
				SDKROOT = iphoneos;
				SWIFT_COMPILATION_MODE = wholemodule;
				SWIFT_OPTIMIZATION_LEVEL = "-O";
				VALIDATE_PRODUCT = YES;
			};
			name = Release;
		};
		D534C4372333675B001DBEE3 /* Debug */ = {
			isa = XCBuildConfiguration;
			buildSettings = {
				ASSETCATALOG_COMPILER_APPICON_NAME = AppIcon;
				CODE_SIGN_STYLE = Automatic;
				DEVELOPMENT_ASSET_PATHS = "\"BullsEyeWithSwiftUI/Preview Content\"";
				ENABLE_PREVIEWS = YES;
				INFOPLIST_FILE = BullsEyeWithSwiftUI/Info.plist;
				LD_RUNPATH_SEARCH_PATHS = (
					"$(inherited)",
					"@executable_path/Frameworks",
				);
				PRODUCT_BUNDLE_IDENTIFIER = com.Lacie.BullsEyeWithSwiftUI;
				PRODUCT_NAME = "$(TARGET_NAME)";
				SWIFT_VERSION = 5.0;
				TARGETED_DEVICE_FAMILY = "1,2";
			};
			name = Debug;
		};
		D534C4382333675B001DBEE3 /* Release */ = {
			isa = XCBuildConfiguration;
			buildSettings = {
				ASSETCATALOG_COMPILER_APPICON_NAME = AppIcon;
				CODE_SIGN_STYLE = Automatic;
				DEVELOPMENT_ASSET_PATHS = "\"BullsEyeWithSwiftUI/Preview Content\"";
				ENABLE_PREVIEWS = YES;
				INFOPLIST_FILE = BullsEyeWithSwiftUI/Info.plist;
				LD_RUNPATH_SEARCH_PATHS = (
					"$(inherited)",
					"@executable_path/Frameworks",
				);
				PRODUCT_BUNDLE_IDENTIFIER = com.Lacie.BullsEyeWithSwiftUI;
				PRODUCT_NAME = "$(TARGET_NAME)";
				SWIFT_VERSION = 5.0;
				TARGETED_DEVICE_FAMILY = "1,2";
			};
			name = Release;
		};
/* End XCBuildConfiguration section */

/* Begin XCConfigurationList section */
		D534C41D2333675B001DBEE3 /* Build configuration list for PBXProject "BullsEyeWithSwiftUI" */ = {
			isa = XCConfigurationList;
			buildConfigurations = (
				D534C4342333675B001DBEE3 /* Debug */,
				D534C4352333675B001DBEE3 /* Release */,
			);
			defaultConfigurationIsVisible = 0;
			defaultConfigurationName = Release;
		};
		D534C4362333675B001DBEE3 /* Build configuration list for PBXNativeTarget "BullsEyeWithSwiftUI" */ = {
			isa = XCConfigurationList;
			buildConfigurations = (
				D534C4372333675B001DBEE3 /* Debug */,
				D534C4382333675B001DBEE3 /* Release */,
			);
			defaultConfigurationIsVisible = 0;
			defaultConfigurationName = Release;
		};
/* End XCConfigurationList section */
	};
	rootObject = D534C41A2333675B001DBEE3 /* Project object */;
}
